
Microsoft Visual Studio Solution File, Format Version 12.00
# Visual Studio Version 16
VisualStudioVersion = 16.0.32802.440
MinimumVisualStudioVersion = 10.0.40219.1
Project("{FAE04EC0-301F-11D3-BF4B-00C04F79EFBC}") = "FrogJump", "FrogJump\FrogJump.csproj", "{C11753B5-2377-4F2D-BA5F-AFC03BF2B357}"
EndProject
Global
	GlobalSection(SolutionConfigurationPlatforms) = preSolution
		Debug|Any CPU = Debug|Any CPU
		Release|Any CPU = Release|Any CPU
	EndGlobalSection
	GlobalSection(ProjectConfigurationPlatforms) = postSolution
		{C11753B5-2377-4F2D-BA5F-AFC03BF2B357}.Debug|Any CPU.ActiveCfg = Debug|Any CPU
		{C11753B5-2377-4F2D-BA5F-AFC03BF2B357}.Debug|Any CPU.Build.0 = Debug|Any CPU
		{C11753B5-2377-4F2D-BA5F-AFC03BF2B357}.Release|Any CPU.ActiveCfg = Release|Any CPU
		{C11753B5-2377-4F2D-BA5F-AFC03BF2B357}.Release|Any CPU.Build.0 = Release|Any CPU
	EndGlobalSection
	GlobalSection(SolutionProperties) = preSolution
		HideSolutionNode = FALSE
	EndGlobalSection
	GlobalSection(ExtensibilityGlobals) = postSolution
		SolutionGuid = {E51B32D5-52E0-4A71-A776-659B00A74B86}
	EndGlobalSection
EndGlobal
